
Microsoft Visual Studio Solution File, Format Version 12.00
# Visual Studio Version 17
VisualStudioVersion = 17.2.32630.192
MinimumVisualStudioVersion = 10.0.40219.1
Project("{FAE04EC0-301F-11D3-BF4B-00C04F79EFBC}") = "WindowsFormsApp1", "WindowsFormsApp1\WindowsFormsApp1.csproj", "{358CB290-A209-49E1-BB5C-10ADE682504F}"
EndProject
Global
	GlobalSection(SolutionConfigurationPlatforms) = preSolution
		Debug|Any CPU = Debug|Any CPU
		Release|Any CPU = Release|Any CPU
	EndGlobalSection
	GlobalSection(ProjectConfigurationPlatforms) = postSolution
		{358CB290-A209-49E1-BB5C-10ADE682504F}.Debug|Any CPU.ActiveCfg = Debug|Any CPU
		{358CB290-A209-49E1-BB5C-10ADE682504F}.Debug|Any CPU.Build.0 = Debug|Any CPU
		{358CB290-A209-49E1-BB5C-10ADE682504F}.Release|Any CPU.ActiveCfg = Release|Any CPU
		{358CB290-A209-49E1-BB5C-10ADE682504F}.Release|Any CPU.Build.0 = Release|Any CPU
	EndGlobalSection
	GlobalSection(SolutionProperties) = preSolution
		HideSolutionNode = FALSE
	EndGlobalSection
	GlobalSection(ExtensibilityGlobals) = postSolution
		SolutionGuid = {28068288-8667-4484-A709-F4E8E374CA7B}
	EndGlobalSection
EndGlobal
